
Microsoft Visual Studio Solution File, Format Version 12.00
# Visual Studio 15
Project("{FAE04EC0-301F-11D3-BF4B-00C04F79EFBC}") = "zuoye", "zuoye\zuoye.csproj", "{898A16B6-5AAA-4200-88F9-65C4DBE1F45A}"
EndProject
Global
	GlobalSection(SolutionConfigurationPlatforms) = preSolution
		Debug|Any CPU = Debug|Any CPU
		Release|Any CPU = Release|Any CPU
	EndGlobalSection
	GlobalSection(ProjectConfigurationPlatforms) = postSolution
		{898A16B6-5AAA-4200-88F9-65C4DBE1F45A}.Debug|Any CPU.ActiveCfg = Debug|Any CPU
		{898A16B6-5AAA-4200-88F9-65C4DBE1F45A}.Debug|Any CPU.Build.0 = Debug|Any CPU
		{898A16B6-5AAA-4200-88F9-65C4DBE1F45A}.Release|Any CPU.ActiveCfg = Release|Any CPU
		{898A16B6-5AAA-4200-88F9-65C4DBE1F45A}.Release|Any CPU.Build.0 = Release|Any CPU
	EndGlobalSection
EndGlobal
